
Microsoft Visual Studio Solution File, Format Version 12.00
# Visual Studio Version 17
VisualStudioVersion = 17.6.33723.286
MinimumVisualStudioVersion = 10.0.40219.1
Project("{FAE04EC0-301F-11D3-BF4B-00C04F79EFBC}") = "Trungweb", "Trungweb\Trungweb.csproj", "{0FCD024B-1AB8-483C-B2C5-24F2195E8499}"
EndProject
Global
	GlobalSection(SolutionConfigurationPlatforms) = preSolution
		Debug|Any CPU = Debug|Any CPU
		Release|Any CPU = Release|Any CPU
	EndGlobalSection
	GlobalSection(ProjectConfigurationPlatforms) = postSolution
		{0FCD024B-1AB8-483C-B2C5-24F2195E8499}.Debug|Any CPU.ActiveCfg = Debug|Any CPU
		{0FCD024B-1AB8-483C-B2C5-24F2195E8499}.Debug|Any CPU.Build.0 = Debug|Any CPU
		{0FCD024B-1AB8-483C-B2C5-24F2195E8499}.Release|Any CPU.ActiveCfg = Release|Any CPU
		{0FCD024B-1AB8-483C-B2C5-24F2195E8499}.Release|Any CPU.Build.0 = Release|Any CPU
	EndGlobalSection
	GlobalSection(SolutionProperties) = preSolution
		HideSolutionNode = FALSE
	EndGlobalSection
	GlobalSection(ExtensibilityGlobals) = postSolution
		SolutionGuid = {271AFDC4-46A4-497C-BC5B-0F9FC47E7F51}
	EndGlobalSection
EndGlobal
